
Microsoft Visual Studio Solution File, Format Version 12.00
# Visual Studio Version 16
VisualStudioVersion = 16.0.30128.36
MinimumVisualStudioVersion = 10.0.40219.1
Project("{FAE04EC0-301F-11D3-BF4B-00C04F79EFBC}") = "Phần mềm chia Host", "Phần mềm chia Host\Phần mềm chia Host.csproj", "{5601FFC6-632D-41A9-9894-B7AA819CBCC8}"
EndProject
Project("{54435603-DBB4-11D2-8724-00A0C9A8B90C}") = "Phan_mem_chia_Host", "Phan_mem_chia_Host\Phan_mem_chia_Host.vdproj", "{26C94713-3F63-44CE-959B-5621C9D672A4}"
EndProject
Global
	GlobalSection(SolutionConfigurationPlatforms) = preSolution
		Debug|Any CPU = Debug|Any CPU
		Release|Any CPU = Release|Any CPU
	EndGlobalSection
	GlobalSection(ProjectConfigurationPlatforms) = postSolution
		{5601FFC6-632D-41A9-9894-B7AA819CBCC8}.Debug|Any CPU.ActiveCfg = Debug|Any CPU
		{5601FFC6-632D-41A9-9894-B7AA819CBCC8}.Debug|Any CPU.Build.0 = Debug|Any CPU
		{5601FFC6-632D-41A9-9894-B7AA819CBCC8}.Release|Any CPU.ActiveCfg = Release|Any CPU
		{5601FFC6-632D-41A9-9894-B7AA819CBCC8}.Release|Any CPU.Build.0 = Release|Any CPU
		{26C94713-3F63-44CE-959B-5621C9D672A4}.Debug|Any CPU.ActiveCfg = Debug
		{26C94713-3F63-44CE-959B-5621C9D672A4}.Release|Any CPU.ActiveCfg = Release
	EndGlobalSection
	GlobalSection(SolutionProperties) = preSolution
		HideSolutionNode = FALSE
	EndGlobalSection
	GlobalSection(ExtensibilityGlobals) = postSolution
		SolutionGuid = {9FBF5B19-34A3-40D1-ADB1-D2AF6DE601B9}
	EndGlobalSection
EndGlobal
